// !$*UTF8*$!
{
	archiveVersion = 1;
	classes = {
	};
	objectVersion = 50;
	objects = {

/* Begin PBXBuildFile section */
		D721ED4C221C1D020092B77A /* AppDelegate.swift in Sources */ = {isa = PBXBuildFile; fileRef = D721ED4B221C1D020092B77A /* AppDelegate.swift */; };
		D721ED52221C1D020092B77A /* GameScene.swift in Sources */ = {isa = PBXBuildFile; fileRef = D721ED51221C1D020092B77A /* GameScene.swift */; };
		D721ED54221C1D020092B77A /* GameViewController.swift in Sources */ = {isa = PBXBuildFile; fileRef = D721ED53221C1D020092B77A /* GameViewController.swift */; };
		D721ED57221C1D020092B77A /* Main.storyboard in Resources */ = {isa = PBXBuildFile; fileRef = D721ED55221C1D020092B77A /* Main.storyboard */; };
		D721ED5C221C1D060092B77A /* LaunchScreen.storyboard in Resources */ = {isa = PBXBuildFile; fileRef = D721ED5A221C1D060092B77A /* LaunchScreen.storyboard */; };
		D7A59C452223555A00618457 /* Assets.xcassets in Resources */ = {isa = PBXBuildFile; fileRef = D7A59C442223555A00618457 /* Assets.xcassets */; };
		D7A59C4C22240A3900618457 /* Bird.swift in Sources */ = {isa = PBXBuildFile; fileRef = D7A59C4B22240A3900618457 /* Bird.swift */; };
		D7A59C5022240BCD00618457 /* Box.swift in Sources */ = {isa = PBXBuildFile; fileRef = D7A59C4F22240BCD00618457 /* Box.swift */; };
		D7A59C5322241E0900618457 /* Settings.swift in Sources */ = {isa = PBXBuildFile; fileRef = D7A59C5222241E0900618457 /* Settings.swift */; };
		D7A59C592228217D00618457 /* Camera.swift in Sources */ = {isa = PBXBuildFile; fileRef = D7A59C582228217D00618457 /* Camera.swift */; };
		D7A59C5C222822B400618457 /* CameraDelegate.swift in Sources */ = {isa = PBXBuildFile; fileRef = D7A59C5B222822B400618457 /* CameraDelegate.swift */; };
/* End PBXBuildFile section */

/* Begin PBXFileReference section */
		D721ED48221C1D020092B77A /* AngryBirdsTechDemo.app */ = {isa = PBXFileReference; explicitFileType = wrapper.application; includeInIndex = 0; path = AngryBirdsTechDemo.app; sourceTree = BUILT_PRODUCTS_DIR; };
		D721ED4B221C1D020092B77A /* AppDelegate.swift */ = {isa = PBXFileReference; lastKnownFileType = sourcecode.swift; path = AppDelegate.swift; sourceTree = "<group>"; };
		D721ED51221C1D020092B77A /* GameScene.swift */ = {isa = PBXFileReference; lastKnownFileType = sourcecode.swift; path = GameScene.swift; sourceTree = "<group>"; };
		D721ED53221C1D020092B77A /* GameViewController.swift */ = {isa = PBXFileReference; lastKnownFileType = sourcecode.swift; path = GameViewController.swift; sourceTree = "<group>"; };
		D721ED56221C1D020092B77A /* Base */ = {isa = PBXFileReference; lastKnownFileType = file.storyboard; name = Base; path = Base.lproj/Main.storyboard; sourceTree = "<group>"; };
		D721ED5B221C1D060092B77A /* Base */ = {isa = PBXFileReference; lastKnownFileType = file.storyboard; name = Base; path = Base.lproj/LaunchScreen.storyboard; sourceTree = "<group>"; };
		D721ED5D221C1D060092B77A /* Info.plist */ = {isa = PBXFileReference; lastKnownFileType = text.plist.xml; path = Info.plist; sourceTree = "<group>"; };
		D7A59C442223555A00618457 /* Assets.xcassets */ = {isa = PBXFileReference; lastKnownFileType = folder.assetcatalog; path = Assets.xcassets; sourceTree = "<group>"; };
		D7A59C4B22240A3900618457 /* Bird.swift */ = {isa = PBXFileReference; lastKnownFileType = sourcecode.swift; path = Bird.swift; sourceTree = "<group>"; };
		D7A59C4F22240BCD00618457 /* Box.swift */ = {isa = PBXFileReference; lastKnownFileType = sourcecode.swift; path = Box.swift; sourceTree = "<group>"; };
		D7A59C5222241E0900618457 /* Settings.swift */ = {isa = PBXFileReference; lastKnownFileType = sourcecode.swift; path = Settings.swift; sourceTree = "<group>"; };
		D7A59C582228217D00618457 /* Camera.swift */ = {isa = PBXFileReference; lastKnownFileType = sourcecode.swift; path = Camera.swift; sourceTree = "<group>"; };
		D7A59C5B222822B400618457 /* CameraDelegate.swift */ = {isa = PBXFileReference; lastKnownFileType = sourcecode.swift; path = CameraDelegate.swift; sourceTree = "<group>"; };
/* End PBXFileReference section */

/* Begin PBXFrameworksBuildPhase section */
		D721ED45221C1D020092B77A /* Frameworks */ = {
			isa = PBXFrameworksBuildPhase;
			buildActionMask = 2147483647;
			files = (
			);
			runOnlyForDeploymentPostprocessing = 0;
		};
/* End PBXFrameworksBuildPhase section */

/* Begin PBXGroup section */
		D721ED3F221C1D020092B77A = {
			isa = PBXGroup;
			children = (
				D721ED4A221C1D020092B77A /* AngryBirdsTechDemo */,
				D721ED49221C1D020092B77A /* Products */,
			);
			sourceTree = "<group>";
		};
		D721ED49221C1D020092B77A /* Products */ = {
			isa = PBXGroup;
			children = (
				D721ED48221C1D020092B77A /* AngryBirdsTechDemo.app */,
			);
			name = Products;
			sourceTree = "<group>";
		};
		D721ED4A221C1D020092B77A /* AngryBirdsTechDemo */ = {
			isa = PBXGroup;
			children = (
				D7A59C5122241DF200618457 /* Settings */,
				D7A59C48222409DF00618457 /* Controllers */,
				D7A59C47222409B200618457 /* Views */,
				D721ED4B221C1D020092B77A /* AppDelegate.swift */,
				D721ED55221C1D020092B77A /* Main.storyboard */,
				D721ED5A221C1D060092B77A /* LaunchScreen.storyboard */,
				D721ED5D221C1D060092B77A /* Info.plist */,
				D7A59C442223555A00618457 /* Assets.xcassets */,
			);
			path = AngryBirdsTechDemo;
			sourceTree = "<group>";
		};
		D7A59C462224097D00618457 /* Scene */ = {
			isa = PBXGroup;
			children = (
				D721ED51221C1D020092B77A /* GameScene.swift */,
			);
			path = Scene;
			sourceTree = "<group>";
		};
		D7A59C47222409B200618457 /* Views */ = {
			isa = PBXGroup;
			children = (
				D7A59C4D22240BA500618457 /* Box */,
				D7A59C49222409F800618457 /* Bird */,
				D7A59C462224097D00618457 /* Scene */,
			);
			path = Views;
			sourceTree = "<group>";
		};
		D7A59C48222409DF00618457 /* Controllers */ = {
			isa = PBXGroup;
			children = (
				D7A59C5A2228229800618457 /* Camera */,
				D721ED53221C1D020092B77A /* GameViewController.swift */,
			);
			path = Controllers;
			sourceTree = "<group>";
		};
		D7A59C49222409F800618457 /* Bird */ = {
			isa = PBXGroup;
			children = (
				D7A59C4B22240A3900618457 /* Bird.swift */,
			);
			path = Bird;
			sourceTree = "<group>";
		};
		D7A59C4D22240BA500618457 /* Box */ = {
			isa = PBXGroup;
			children = (
				D7A59C4F22240BCD00618457 /* Box.swift */,
			);
			path = Box;
			sourceTree = "<group>";
		};
		D7A59C5122241DF200618457 /* Settings */ = {
			isa = PBXGroup;
			children = (
				D7A59C5222241E0900618457 /* Settings.swift */,
			);
			path = Settings;
			sourceTree = "<group>";
		};
		D7A59C5A2228229800618457 /* Camera */ = {
			isa = PBXGroup;
			children = (
				D7A59C582228217D00618457 /* Camera.swift */,
				D7A59C5B222822B400618457 /* CameraDelegate.swift */,
			);
			path = Camera;
			sourceTree = "<group>";
		};
/* End PBXGroup section */

/* Begin PBXNativeTarget section */
		D721ED47221C1D020092B77A /* AngryBirdsTechDemo */ = {
			isa = PBXNativeTarget;
			buildConfigurationList = D721ED60221C1D060092B77A /* Build configuration list for PBXNativeTarget "AngryBirdsTechDemo" */;
			buildPhases = (
				D721ED44221C1D020092B77A /* Sources */,
				D721ED45221C1D020092B77A /* Frameworks */,
				D721ED46221C1D020092B77A /* Resources */,
			);
			buildRules = (
			);
			dependencies = (
			);
			name = AngryBirdsTechDemo;
			productName = AngryBirdsTechDemo;
			productReference = D721ED48221C1D020092B77A /* AngryBirdsTechDemo.app */;
			productType = "com.apple.product-type.application";
		};
/* End PBXNativeTarget section */

/* Begin PBXProject section */
		D721ED40221C1D020092B77A /* Project object */ = {
			isa = PBXProject;
			attributes = {
				LastSwiftUpdateCheck = 1010;
				LastUpgradeCheck = 1010;
				ORGANIZATIONNAME = "Levy Cristian ";
				TargetAttributes = {
					D721ED47221C1D020092B77A = {
						CreatedOnToolsVersion = 10.1;
					};
				};
			};
			buildConfigurationList = D721ED43221C1D020092B77A /* Build configuration list for PBXProject "AngryBirdsTechDemo" */;
			compatibilityVersion = "Xcode 9.3";
			developmentRegion = en;
			hasScannedForEncodings = 0;
			knownRegions = (
				en,
				Base,
			);
			mainGroup = D721ED3F221C1D020092B77A;
			productRefGroup = D721ED49221C1D020092B77A /* Products */;
			projectDirPath = "";
			projectRoot = "";
			targets = (
				D721ED47221C1D020092B77A /* AngryBirdsTechDemo */,
			);
		};
/* End PBXProject section */

/* Begin PBXResourcesBuildPhase section */
		D721ED46221C1D020092B77A /* Resources */ = {
			isa = PBXResourcesBuildPhase;
			buildActionMask = 2147483647;
			files = (
				D721ED57221C1D020092B77A /* Main.storyboard in Resources */,
				D7A59C452223555A00618457 /* Assets.xcassets in Resources */,
				D721ED5C221C1D060092B77A /* LaunchScreen.storyboard in Resources */,
			);
			runOnlyForDeploymentPostprocessing = 0;
		};
/* End PBXResourcesBuildPhase section */

/* Begin PBXSourcesBuildPhase section */
		D721ED44221C1D020092B77A /* Sources */ = {
			isa = PBXSourcesBuildPhase;
			buildActionMask = 2147483647;
			files = (
				D7A59C5322241E0900618457 /* Settings.swift in Sources */,
				D721ED52221C1D020092B77A /* GameScene.swift in Sources */,
				D721ED54221C1D020092B77A /* GameViewController.swift in Sources */,
				D7A59C5C222822B400618457 /* CameraDelegate.swift in Sources */,
				D7A59C4C22240A3900618457 /* Bird.swift in Sources */,
				D721ED4C221C1D020092B77A /* AppDelegate.swift in Sources */,
				D7A59C592228217D00618457 /* Camera.swift in Sources */,
				D7A59C5022240BCD00618457 /* Box.swift in Sources */,
			);
			runOnlyForDeploymentPostprocessing = 0;
		};
/* End PBXSourcesBuildPhase section */

/* Begin PBXVariantGroup section */
		D721ED55221C1D020092B77A /* Main.storyboard */ = {
			isa = PBXVariantGroup;
			children = (
				D721ED56221C1D020092B77A /* Base */,
			);
			name = Main.storyboard;
			sourceTree = "<group>";
		};
		D721ED5A221C1D060092B77A /* LaunchScreen.storyboard */ = {
			isa = PBXVariantGroup;
			children = (
				D721ED5B221C1D060092B77A /* Base */,
			);
			name = LaunchScreen.storyboard;
			sourceTree = "<group>";
		};
/* End PBXVariantGroup section */

/* Begin XCBuildConfiguration section */
		D721ED5E221C1D060092B77A /* Debug */ = {
			isa = XCBuildConfiguration;
			buildSettings = {
				ALWAYS_SEARCH_USER_PATHS = NO;
				CLANG_ANALYZER_NONNULL = YES;
				CLANG_ANALYZER_NUMBER_OBJECT_CONVERSION = YES_AGGRESSIVE;
				CLANG_CXX_LANGUAGE_STANDARD = "gnu++14";
				CLANG_CXX_LIBRARY = "libc++";
				CLANG_ENABLE_MODULES = YES;
				CLANG_ENABLE_OBJC_ARC = YES;
				CLANG_ENABLE_OBJC_WEAK = YES;
				CLANG_WARN_BLOCK_CAPTURE_AUTORELEASING = YES;
				CLANG_WARN_BOOL_CONVERSION = YES;
				CLANG_WARN_COMMA = YES;
				CLANG_WARN_CONSTANT_CONVERSION = YES;
				CLANG_WARN_DEPRECATED_OBJC_IMPLEMENTATIONS = YES;
				CLANG_WARN_DIRECT_OBJC_ISA_USAGE = YES_ERROR;
				CLANG_WARN_DOCUMENTATION_COMMENTS = YES;
				CLANG_WARN_EMPTY_BODY = YES;
				CLANG_WARN_ENUM_CONVERSION = YES;
				CLANG_WARN_INFINITE_RECURSION = YES;
				CLANG_WARN_INT_CONVERSION = YES;
				CLANG_WARN_NON_LITERAL_NULL_CONVERSION = YES;
				CLANG_WARN_OBJC_IMPLICIT_RETAIN_SELF = YES;
				CLANG_WARN_OBJC_LITERAL_CONVERSION = YES;
				CLANG_WARN_OBJC_ROOT_CLASS = YES_ERROR;
				CLANG_WARN_RANGE_LOOP_ANALYSIS = YES;
				CLANG_WARN_STRICT_PROTOTYPES = YES;
				CLANG_WARN_SUSPICIOUS_MOVE = YES;
				CLANG_WARN_UNGUARDED_AVAILABILITY = YES_AGGRESSIVE;
				CLANG_WARN_UNREACHABLE_CODE = YES;
				CLANG_WARN__DUPLICATE_METHOD_MATCH = YES;
				CODE_SIGN_IDENTITY = "iPhone Developer";
				COPY_PHASE_STRIP = NO;
				DEBUG_INFORMATION_FORMAT = dwarf;
				ENABLE_STRICT_OBJC_MSGSEND = YES;
				ENABLE_TESTABILITY = YES;
				GCC_C_LANGUAGE_STANDARD = gnu11;
				GCC_DYNAMIC_NO_PIC = NO;
				GCC_NO_COMMON_BLOCKS = YES;
				GCC_OPTIMIZATION_LEVEL = 0;
				GCC_PREPROCESSOR_DEFINITIONS = (
					"DEBUG=1",
					"$(inherited)",
				);
				GCC_WARN_64_TO_32_BIT_CONVERSION = YES;
				GCC_WARN_ABOUT_RETURN_TYPE = YES_ERROR;
				GCC_WARN_UNDECLARED_SELECTOR = YES;
				GCC_WARN_UNINITIALIZED_AUTOS = YES_AGGRESSIVE;
				GCC_WARN_UNUSED_FUNCTION = YES;
				GCC_WARN_UNUSED_VARIABLE = YES;
				IPHONEOS_DEPLOYMENT_TARGET = 12.1;
				MTL_ENABLE_DEBUG_INFO = INCLUDE_SOURCE;
				MTL_FAST_MATH = YES;
				ONLY_ACTIVE_ARCH = YES;
				SDKROOT = iphoneos;
				SWIFT_ACTIVE_COMPILATION_CONDITIONS = DEBUG;
				SWIFT_OPTIMIZATION_LEVEL = "-Onone";
			};
			name = Debug;
		};
		D721ED5F221C1D060092B77A /* Release */ = {
			isa = XCBuildConfiguration;
			buildSettings = {
				ALWAYS_SEARCH_USER_PATHS = NO;
				CLANG_ANALYZER_NONNULL = YES;
				CLANG_ANALYZER_NUMBER_OBJECT_CONVERSION = YES_AGGRESSIVE;
				CLANG_CXX_LANGUAGE_STANDARD = "gnu++14";
				CLANG_CXX_LIBRARY = "libc++";
				CLANG_ENABLE_MODULES = YES;
				CLANG_ENABLE_OBJC_ARC = YES;
				CLANG_ENABLE_OBJC_WEAK = YES;
				CLANG_WARN_BLOCK_CAPTURE_AUTORELEASING = YES;
				CLANG_WARN_BOOL_CONVERSION = YES;
				CLANG_WARN_COMMA = YES;
				CLANG_WARN_CONSTANT_CONVERSION = YES;
				CLANG_WARN_DEPRECATED_OBJC_IMPLEMENTATIONS = YES;
				CLANG_WARN_DIRECT_OBJC_ISA_USAGE = YES_ERROR;
				CLANG_WARN_DOCUMENTATION_COMMENTS = YES;
				CLANG_WARN_EMPTY_BODY = YES;
				CLANG_WARN_ENUM_CONVERSION = YES;
				CLANG_WARN_INFINITE_RECURSION = YES;
				CLANG_WARN_INT_CONVERSION = YES;
				CLANG_WARN_NON_LITERAL_NULL_CONVERSION = YES;
				CLANG_WARN_OBJC_IMPLICIT_RETAIN_SELF = YES;
				CLANG_WARN_OBJC_LITERAL_CONVERSION = YES;
				CLANG_WARN_OBJC_ROOT_CLASS = YES_ERROR;
				CLANG_WARN_RANGE_LOOP_ANALYSIS = YES;
				CLANG_WARN_STRICT_PROTOTYPES = YES;
				CLANG_WARN_SUSPICIOUS_MOVE = YES;
				CLANG_WARN_UNGUARDED_AVAILABILITY = YES_AGGRESSIVE;
				CLANG_WARN_UNREACHABLE_CODE = YES;
				CLANG_WARN__DUPLICATE_METHOD_MATCH = YES;
				CODE_SIGN_IDENTITY = "iPhone Developer";
				COPY_PHASE_STRIP = NO;
				DEBUG_INFORMATION_FORMAT = "dwarf-with-dsym";
				ENABLE_NS_ASSERTIONS = NO;
				ENABLE_STRICT_OBJC_MSGSEND = YES;
				GCC_C_LANGUAGE_STANDARD = gnu11;
				GCC_NO_COMMON_BLOCKS = YES;
				GCC_WARN_64_TO_32_BIT_CONVERSION = YES;
				GCC_WARN_ABOUT_RETURN_TYPE = YES_ERROR;
				GCC_WARN_UNDECLARED_SELECTOR = YES;
				GCC_WARN_UNINITIALIZED_AUTOS = YES_AGGRESSIVE;
				GCC_WARN_UNUSED_FUNCTION = YES;
				GCC_WARN_UNUSED_VARIABLE = YES;
				IPHONEOS_DEPLOYMENT_TARGET = 12.1;
				MTL_ENABLE_DEBUG_INFO = NO;
				MTL_FAST_MATH = YES;
				SDKROOT = iphoneos;
				SWIFT_COMPILATION_MODE = wholemodule;
				SWIFT_OPTIMIZATION_LEVEL = "-O";
				VALIDATE_PRODUCT = YES;
			};
			name = Release;
		};
		D721ED61221C1D060092B77A /* Debug */ = {
			isa = XCBuildConfiguration;
			buildSettings = {
				ASSETCATALOG_COMPILER_APPICON_NAME = AppIcon;
				CODE_SIGN_STYLE = Automatic;
				DEVELOPMENT_TEAM = 84MA3JMGLA;
				INFOPLIST_FILE = AngryBirdsTechDemo/Info.plist;
				LD_RUNPATH_SEARCH_PATHS = (
					"$(inherited)",
					"@executable_path/Frameworks",
				);
				PRODUCT_BUNDLE_IDENTIFIER = br.alu.ufc.levycristian.AngryBirdsTechDemo;
				PRODUCT_NAME = "$(TARGET_NAME)";
				SWIFT_VERSION = 4.2;
				TARGETED_DEVICE_FAMILY = "1,2";
			};
			name = Debug;
		};
		D721ED62221C1D060092B77A /* Release */ = {
			isa = XCBuildConfiguration;
			buildSettings = {
				ASSETCATALOG_COMPILER_APPICON_NAME = AppIcon;
				CODE_SIGN_STYLE = Automatic;
				DEVELOPMENT_TEAM = 84MA3JMGLA;
				INFOPLIST_FILE = AngryBirdsTechDemo/Info.plist;
				LD_RUNPATH_SEARCH_PATHS = (
					"$(inherited)",
					"@executable_path/Frameworks",
				);
				PRODUCT_BUNDLE_IDENTIFIER = br.alu.ufc.levycristian.AngryBirdsTechDemo;
				PRODUCT_NAME = "$(TARGET_NAME)";
				SWIFT_VERSION = 4.2;
				TARGETED_DEVICE_FAMILY = "1,2";
			};
			name = Release;
		};
/* End XCBuildConfiguration section */

/* Begin XCConfigurationList section */
		D721ED43221C1D020092B77A /* Build configuration list for PBXProject "AngryBirdsTechDemo" */ = {
			isa = XCConfigurationList;
			buildConfigurations = (
				D721ED5E221C1D060092B77A /* Debug */,
				D721ED5F221C1D060092B77A /* Release */,
			);
			defaultConfigurationIsVisible = 0;
			defaultConfigurationName = Release;
		};
		D721ED60221C1D060092B77A /* Build configuration list for PBXNativeTarget "AngryBirdsTechDemo" */ = {
			isa = XCConfigurationList;
			buildConfigurations = (
				D721ED61221C1D060092B77A /* Debug */,
				D721ED62221C1D060092B77A /* Release */,
			);
			defaultConfigurationIsVisible = 0;
			defaultConfigurationName = Release;
		};
/* End XCConfigurationList section */
	};
	rootObject = D721ED40221C1D020092B77A /* Project object */;
}
